
Microsoft Visual Studio Solution File, Format Version 12.00
# Visual Studio Version 17
VisualStudioVersion = 17.7.34031.279
MinimumVisualStudioVersion = 10.0.40219.1
Project("{FAE04EC0-301F-11D3-BF4B-00C04F79EFBC}") = "Лаба 4", "Лаба 4.csproj", "{7719DFE2-31D8-4EB3-89B5-804D6A7E3A4D}"
EndProject
Global
	GlobalSection(SolutionConfigurationPlatforms) = preSolution
		Debug|Any CPU = Debug|Any CPU
		Release|Any CPU = Release|Any CPU
	EndGlobalSection
	GlobalSection(ProjectConfigurationPlatforms) = postSolution
		{7719DFE2-31D8-4EB3-89B5-804D6A7E3A4D}.Debug|Any CPU.ActiveCfg = Debug|Any CPU
		{7719DFE2-31D8-4EB3-89B5-804D6A7E3A4D}.Debug|Any CPU.Build.0 = Debug|Any CPU
		{7719DFE2-31D8-4EB3-89B5-804D6A7E3A4D}.Release|Any CPU.ActiveCfg = Release|Any CPU
		{7719DFE2-31D8-4EB3-89B5-804D6A7E3A4D}.Release|Any CPU.Build.0 = Release|Any CPU
	EndGlobalSection
	GlobalSection(SolutionProperties) = preSolution
		HideSolutionNode = FALSE
	EndGlobalSection
	GlobalSection(ExtensibilityGlobals) = postSolution
		SolutionGuid = {8CFAF095-A27D-43A0-A703-E4130F3B6808}
	EndGlobalSection
EndGlobal
